
Microsoft Visual Studio Solution File, Format Version 12.00
# Visual Studio Version 17
VisualStudioVersion = 17.4.33205.214
MinimumVisualStudioVersion = 10.0.40219.1
Project("{9A19103F-16F7-4668-BE54-9A1E7A4F7556}") = "ErenDeniz", "Sinav\ErenDeniz.csproj", "{53DE8D5E-280A-4986-83B9-FFAE1634C86C}"
EndProject
Global
	GlobalSection(SolutionConfigurationPlatforms) = preSolution
		Debug|Any CPU = Debug|Any CPU
		Release|Any CPU = Release|Any CPU
	EndGlobalSection
	GlobalSection(ProjectConfigurationPlatforms) = postSolution
		{53DE8D5E-280A-4986-83B9-FFAE1634C86C}.Debug|Any CPU.ActiveCfg = Debug|Any CPU
		{53DE8D5E-280A-4986-83B9-FFAE1634C86C}.Debug|Any CPU.Build.0 = Debug|Any CPU
		{53DE8D5E-280A-4986-83B9-FFAE1634C86C}.Release|Any CPU.ActiveCfg = Release|Any CPU
		{53DE8D5E-280A-4986-83B9-FFAE1634C86C}.Release|Any CPU.Build.0 = Release|Any CPU
	EndGlobalSection
	GlobalSection(SolutionProperties) = preSolution
		HideSolutionNode = FALSE
	EndGlobalSection
	GlobalSection(ExtensibilityGlobals) = postSolution
		SolutionGuid = {406CBAD9-3FDC-493B-8C0E-402F6BF52D8A}
	EndGlobalSection
EndGlobal
